{
  "version": "4",
  "specifiers": {
    "jsr:@logtape/logtape@*": "1.0.0",
    "jsr:@std/path@1.0.9": "1.0.9",
    "npm:@grammyjs/router@2": "2.0.0_grammy@1.36.3",
    "npm:date-fns@2.22.1": "2.22.1",
    "npm:dayjs@*": "1.11.13",
    "npm:dayjs@^1.11.13": "1.11.13",
    "npm:luxon@*": "3.6.1"
  },
  "jsr": {
    "@logtape/logtape@1.0.0": {
      "integrity": "30e23091ed75daac9eaff83688a90ccfbb7e75e79d0344d5a6e9585e6f653f92"
    },
    "@std/path@1.0.9": {
      "integrity": "260a49f11edd3db93dd38350bf9cd1b4d1366afa98e81b86167b4e3dd750129e"
    }
  },
  "npm": {
    "@grammyjs/router@2.0.0_grammy@1.36.3": {
      "integrity": "sha512-xJ3HRNj3mVojLtkFmV+GvKpOWOnS0CGdAIdvpaq+j+8dic1wM1OhOukaotkKzAWZ6bb9QyzUUgVFN6xfZDO5VA==",
      "dependencies": [
        "grammy"
      ]
    },
    "@grammyjs/types@3.20.0": {
      "integrity": "sha512-KIoikN5VTj6dcJpzMwXtouzaN3BZJ4jihBuEeXzWr25HtEfCF25V3dN11u+uNYi/9sBDvs0KCKZhyN/xFY0MBg=="
    },
    "abort-controller@3.0.0": {
      "integrity": "sha512-h8lQ8tacZYnR3vNQTgibj+tODHI5/+l06Au2Pcriv/Gmet0eaj4TwWH41sO9wnHDiQsEj19q0drzdWdeAHtweg==",
      "dependencies": [
        "event-target-shim"
      ]
    },
    "date-fns@2.22.1": {
      "integrity": "sha512-yUFPQjrxEmIsMqlHhAhmxkuH769baF21Kk+nZwZGyrMoyLA+LugaQtC0+Tqf9CBUUULWwUJt6Q5ySI3LJDDCGg=="
    },
    "dayjs@1.11.13": {
      "integrity": "sha512-oaMBel6gjolK862uaPQOVTA7q3TZhuSvuMQAAglQDOWYO9A91IrAOUJEyKVlqJlHE0vq5p5UXxzdPfMH/x6xNg=="
    },
    "debug@4.4.1": {
      "integrity": "sha512-KcKCqiftBJcZr++7ykoDIEwSa3XWowTfNPo92BYxjXiyYEVrUQh2aLyhxBCwww+heortUFxEJYcRzosstTEBYQ==",
      "dependencies": [
        "ms"
      ]
    },
    "event-target-shim@5.0.1": {
      "integrity": "sha512-i/2XbnSz/uxRCU6+NdVJgKWDTM427+MqYbkQzD321DuCQJUqOuJKIA0IM2+W2xtYHdKOmZ4dR6fExsd4SXL+WQ=="
    },
    "grammy@1.36.3": {
      "integrity": "sha512-OmoYn0WTETbMR7FbEy6QWx0Dvm3Md1O84UOgZLmj19mYlKbhefu2fSHDjoflxDNu8QgIrseQRsFSk4zRRcvJOA==",
      "dependencies": [
        "@grammyjs/types",
        "abort-controller",
        "debug",
        "node-fetch"
      ]
    },
    "luxon@3.6.1": {
      "integrity": "sha512-tJLxrKJhO2ukZ5z0gyjY1zPh3Rh88Ej9P7jNrZiHMUXHae1yvI2imgOZtL1TO8TW6biMMKfTtAOoEJANgtWBMQ=="
    },
    "ms@2.1.3": {
      "integrity": "sha512-6FlzubTLZG3J2a/NVCAleEhjzq5oxgHyaCU9yYXvcLsvoVaHJq/s5xXI6/XXP6tz7R9xAOtHnSO/tXtF3WRTlA=="
    },
    "node-fetch@2.7.0": {
      "integrity": "sha512-c4FRfUm/dbcWZ7U+1Wq0AwCyFL+3nt2bEw05wfxSz+DWpWsitgmSgYmy2dQdWyKC1694ELPqMs/YzUSNozLt8A==",
      "dependencies": [
        "whatwg-url"
      ]
    },
    "tr46@0.0.3": {
      "integrity": "sha512-N3WMsuqV66lT30CrXNbEjx4GEwlow3v6rr4mCcv6prnfwhS01rkgyFdjPNBYd9br7LpXV1+Emh01fHnq2Gdgrw=="
    },
    "webidl-conversions@3.0.1": {
      "integrity": "sha512-2JAn3z8AR6rjK8Sm8orRC0h/bcl/DqL7tRPdGZ4I1CjdF+EaMLmYxBHyXuKL849eucPFhvBoxMsflfOb8kxaeQ=="
    },
    "whatwg-url@5.0.0": {
      "integrity": "sha512-saE57nupxk6v3HY35+jzBwYa0rKSy0XR8JSxZPwgLr7ys0IBzhGviA1/TUGJLmSVqs8pb9AnvICXEuOHLprYTw==",
      "dependencies": [
        "tr46",
        "webidl-conversions"
      ]
    }
  },
  "redirects": {
    "https://deno.land/x/grammy_storages/denokv/src/mod.ts": "https://deno.land/x/grammy_storages@v2.5.1/denokv/src/mod.ts",
    "https://deno.land/x/sentry/index.mjs": "https://deno.land/x/sentry@8.55.0/index.mjs",
    "https://lib.deno.dev/x/grammy@1.x/mod.ts": "https://deno.land/x/grammy@v1.36.3/mod.ts",
    "https://lib.deno.dev/x/grammy@1.x/types.ts": "https://deno.land/x/grammy@v1.36.3/types.ts",
    "https://lib.deno.dev/x/grammy@v1/mod.ts": "https://deno.land/x/grammy@v1.36.3/mod.ts",
    "https://lib.deno.dev/x/grammy@v1/types.ts": "https://deno.land/x/grammy@v1.36.3/types.ts"
  },
  "remote": {
    "https://cdn.skypack.dev/-/debug@v4.3.4-o4liVvMlOnQWbLSYZMXw/dist=es2019,mode=imports/optimized/debug.js": "671100993996e39b501301a87000607916d4d2d9f8fc8e9c5200ae5ba64a1389",
    "https://cdn.skypack.dev/-/ms@v2.1.2-giBDZ1IA5lmQ3ZXaa87V/dist=es2019,mode=imports/optimized/ms.js": "fd88e2d51900437011f1ad232f3393ce97db1b87a7844b3c58dd6d65562c1276",
    "https://cdn.skypack.dev/debug@4.3.4": "7b1d010cc930f71b940ba5941da055bc181115229e29de7214bdb4425c68ea76",
    "https://deno.land/std@0.208.0/assert/_constants.ts": "8a9da298c26750b28b326b297316cdde860bc237533b07e1337c021379e6b2a9",
    "https://deno.land/std@0.208.0/assert/_diff.ts": "58e1461cc61d8eb1eacbf2a010932bf6a05b79344b02ca38095f9b805795dc48",
    "https://deno.land/std@0.208.0/assert/_format.ts": "a69126e8a469009adf4cf2a50af889aca364c349797e63174884a52ff75cf4c7",
    "https://deno.land/std@0.208.0/assert/assert.ts": "9a97dad6d98c238938e7540736b826440ad8c1c1e54430ca4c4e623e585607ee",
    "https://deno.land/std@0.208.0/assert/assert_almost_equals.ts": "e15ca1f34d0d5e0afae63b3f5d975cbd18335a132e42b0c747d282f62ad2cd6c",
    "https://deno.land/std@0.208.0/assert/assert_array_includes.ts": "6856d7f2c3544bc6e62fb4646dfefa3d1df5ff14744d1bca19f0cbaf3b0d66c9",
    "https://deno.land/std@0.208.0/assert/assert_equals.ts": "d8ec8a22447fbaf2fc9d7c3ed2e66790fdb74beae3e482855d75782218d68227",
    "https://deno.land/std@0.208.0/assert/assert_exists.ts": "407cb6b9fb23a835cd8d5ad804e2e2edbbbf3870e322d53f79e1c7a512e2efd7",
    "https://deno.land/std@0.208.0/assert/assert_false.ts": "0ccbcaae910f52c857192ff16ea08bda40fdc79de80846c206bfc061e8c851c6",
    "https://deno.land/std@0.208.0/assert/assert_greater.ts": "ae2158a2d19313bf675bf7251d31c6dc52973edb12ac64ac8fc7064152af3e63",
    "https://deno.land/std@0.208.0/assert/assert_greater_or_equal.ts": "1439da5ebbe20855446cac50097ac78b9742abe8e9a43e7de1ce1426d556e89c",
    "https://deno.land/std@0.208.0/assert/assert_instance_of.ts": "3aedb3d8186e120812d2b3a5dea66a6e42bf8c57a8bd927645770bd21eea554c",
    "https://deno.land/std@0.208.0/assert/assert_is_error.ts": "c21113094a51a296ffaf036767d616a78a2ae5f9f7bbd464cd0197476498b94b",
    "https://deno.land/std@0.208.0/assert/assert_less.ts": "aec695db57db42ec3e2b62e97e1e93db0063f5a6ec133326cc290ff4b71b47e4",
    "https://deno.land/std@0.208.0/assert/assert_less_or_equal.ts": "5fa8b6a3ffa20fd0a05032fe7257bf985d207b85685fdbcd23651b70f928c848",
    "https://deno.land/std@0.208.0/assert/assert_match.ts": "c4083f80600bc190309903c95e397a7c9257ff8b5ae5c7ef91e834704e672e9b",
    "https://deno.land/std@0.208.0/assert/assert_not_equals.ts": "9f1acab95bd1f5fc9a1b17b8027d894509a745d91bac1718fdab51dc76831754",
    "https://deno.land/std@0.208.0/assert/assert_not_instance_of.ts": "0c14d3dfd9ab7a5276ed8ed0b18c703d79a3d106102077ec437bfe7ed912bd22",
    "https://deno.land/std@0.208.0/assert/assert_not_match.ts": "3796a5b0c57a1ce6c1c57883dd4286be13a26f715ea662318ab43a8491a13ab0",
    "https://deno.land/std@0.208.0/assert/assert_not_strict_equals.ts": "4cdef83df17488df555c8aac1f7f5ec2b84ad161b6d0645ccdbcc17654e80c99",
    "https://deno.land/std@0.208.0/assert/assert_object_match.ts": "d8fc2867cfd92eeacf9cea621e10336b666de1874a6767b5ec48988838370b54",
    "https://deno.land/std@0.208.0/assert/assert_rejects.ts": "45c59724de2701e3b1f67c391d6c71c392363635aad3f68a1b3408f9efca0057",
    "https://deno.land/std@0.208.0/assert/assert_strict_equals.ts": "b1f538a7ea5f8348aeca261d4f9ca603127c665e0f2bbfeb91fa272787c87265",
    "https://deno.land/std@0.208.0/assert/assert_string_includes.ts": "b821d39ebf5cb0200a348863c86d8c4c4b398e02012ce74ad15666fc4b631b0c",
    "https://deno.land/std@0.208.0/assert/assert_throws.ts": "63784e951475cb7bdfd59878cd25a0931e18f6dc32a6077c454b2cd94f4f4bcd",
    "https://deno.land/std@0.208.0/assert/assertion_error.ts": "4d0bde9b374dfbcbe8ac23f54f567b77024fb67dbb1906a852d67fe050d42f56",
    "https://deno.land/std@0.208.0/assert/equal.ts": "9f1a46d5993966d2596c44e5858eec821859b45f783a5ee2f7a695dfc12d8ece",
    "https://deno.land/std@0.208.0/assert/fail.ts": "c36353d7ae6e1f7933d45f8ea51e358c8c4b67d7e7502028598fe1fea062e278",
    "https://deno.land/std@0.208.0/assert/mod.ts": "37c49a26aae2b254bbe25723434dc28cd7532e444cf0b481a97c045d110ec085",
    "https://deno.land/std@0.208.0/assert/unimplemented.ts": "d56fbeecb1f108331a380f72e3e010a1f161baa6956fd0f7cf3e095ae1a4c75a",
    "https://deno.land/std@0.208.0/assert/unreachable.ts": "4600dc0baf7d9c15a7f7d234f00c23bca8f3eba8b140286aaca7aa998cf9a536",
    "https://deno.land/std@0.208.0/fmt/colors.ts": "34b3f77432925eb72cf0bfb351616949746768620b8e5ead66da532f93d10ba2",
    "https://deno.land/std@0.224.0/assert/assert.ts": "09d30564c09de846855b7b071e62b5974b001bb72a4b797958fe0660e7849834",
    "https://deno.land/std@0.224.0/assert/assertion_error.ts": "ba8752bd27ebc51f723702fac2f54d3e94447598f54264a6653d6413738a8917",
    "https://deno.land/std@0.224.0/dotenv/mod.ts": "0180eaeedaaf88647318811cdaa418cc64dc51fb08354f91f5f480d0a1309f7d",
    "https://deno.land/std@0.224.0/dotenv/parse.ts": "09977ff88dfd1f24f9973a338f0f91bbdb9307eb5ff6085446e7c423e4c7ba0c",
    "https://deno.land/std@0.224.0/dotenv/stringify.ts": "275da322c409170160440836342eaa7cf012a1d11a7e700d8ca4e7f2f8aa4615",
    "https://deno.land/std@0.224.0/fmt/colors.ts": "508563c0659dd7198ba4bbf87e97f654af3c34eb56ba790260f252ad8012e1c5",
    "https://deno.land/std@0.224.0/fs/exists.ts": "3d38cb7dcbca3cf313be343a7b8af18a87bddb4b5ca1bd2314be12d06533b50f",
    "https://deno.land/std@0.224.0/io/types.ts": "acecb3074c730b5ff487ba4fe9ce51e67bd982aa07c95e5f5679b7b2f24ad129",
    "https://deno.land/std@0.224.0/io/write_all.ts": "24aac2312bb21096ae3ae0b102b22c26164d3249dff96dbac130958aa736f038",
    "https://deno.land/std@0.224.0/log/_config.ts": "489e11b6d3c917bf5fc954c5e914c095d3480efd924d1e85f2fc576468581c54",
    "https://deno.land/std@0.224.0/log/_state.ts": "314c0c31ab9c8f4fb33326ad446757d35f75e5bb21746b7720ed4e3f3a939da1",
    "https://deno.land/std@0.224.0/log/base_handler.ts": "f03f013dac9c1a226aab60c6f5751b3131cc4f2808720715285e0dab5697a54e",
    "https://deno.land/std@0.224.0/log/console_handler.ts": "9b17b9025c7d94eab950a25eccca81fd9dd71d063b9f458f149e52db52ab0295",
    "https://deno.land/std@0.224.0/log/critical.ts": "a8b44a4c6768629d2a506ffe1a1a048da7ae76d3146000f8a492008eac4ecba0",
    "https://deno.land/std@0.224.0/log/debug.ts": "ddd63a549fedc3061deba47e41cd2170263831fc266e503a12b610b77439333b",
    "https://deno.land/std@0.224.0/log/error.ts": "3979ee3aadc962345ad50eff8a5470ad3fe07c70370808ddc178ee08c3d6c89c",
    "https://deno.land/std@0.224.0/log/file_handler.ts": "68d6d81ec53bdd6ba61eaceec19d12de59a8ad12ace0d7980a592a51f924a242",
    "https://deno.land/std@0.224.0/log/formatters.ts": "29e0325902c3b1cbb3b9ffc1f9d77ac2d2e5af35d27b9bdfe4fdbbd83588d4a8",
    "https://deno.land/std@0.224.0/log/get_logger.ts": "36a5febf5338f68aadafaf23bbe38a208e2a3150ec02ca2ec5d3c6bbaf840641",
    "https://deno.land/std@0.224.0/log/info.ts": "e6c4971e35092d85cd3241fe7eccdb42999083d14db6aadc5e741f6231e275ad",
    "https://deno.land/std@0.224.0/log/levels.ts": "632ba12baa2600750d004cc5cb4eabe10e410f3f2bdfcb9f7142b6d767f2fee6",
    "https://deno.land/std@0.224.0/log/logger.ts": "57109848fb587fb3843a7b893f22f1a86c1b78c289172627a6305906738f238a",
    "https://deno.land/std@0.224.0/log/mod.ts": "650c53c2c5d9eb05210c4ec54184ecb5bd24fb32ce28e65fad039853978f53f3",
    "https://deno.land/std@0.224.0/log/rotating_file_handler.ts": "a6e7c712e568b618303273ff95483f6ab86dec0a485c73c2e399765f752b5aa8",
    "https://deno.land/std@0.224.0/log/setup.ts": "42425c550da52c7def7f63a4fcc1ac01a4aec6c73336697a640978d6a324e7a6",
    "https://deno.land/std@0.224.0/log/warn.ts": "f1a6bc33a481f231a0257e6d66e26c2e695b931d5e917d8de4f2b825778dfd4e",
    "https://deno.land/x/evt@v2.4.0/lib/Ctx.ts": "20e69cebf593ef186d3679103774c0ad3c8caf28a3b815d38bae98b0225d13ba",
    "https://deno.land/x/evt@v2.4.0/lib/Evt.asNonPostable.ts": "0c518f68e873a7912a2c3225f5427cb64085dae6b1a9ad0aa8f677232fd93b98",
    "https://deno.land/x/evt@v2.4.0/lib/Evt.asPostable.ts": "fbd8bbe300a69da44cec8579ea1992c287d7bcc6fe4f4e06f2585b1ef0551090",
    "https://deno.land/x/evt@v2.4.0/lib/Evt.asyncPipe.ts": "fa45614303911fbb55632f9b94b252681be22de626273e27b108e7416d52e1cc",
    "https://deno.land/x/evt@v2.4.0/lib/Evt.create.ts": "8789cf94d143f208ea7b26071e37b862b435b422da2e28a697732a8260998c2c",
    "https://deno.land/x/evt@v2.4.0/lib/Evt.factorize.ts": "ed4173ea2b41e187700cd4dbd3e040763a170dfa0530cb6200b5723120b0c7ec",
    "https://deno.land/x/evt@v2.4.0/lib/Evt.from.ts": "54ba6aac7b53962c56f145727aa76af31610577414dfeb7b3d5baf28f4b968d9",
    "https://deno.land/x/evt@v2.4.0/lib/Evt.getCtx.ts": "ae20216346c31fa4c068373e755954e75e0fd54883b1a5fa343d82a3529299e5",
    "https://deno.land/x/evt@v2.4.0/lib/Evt.loosenType.ts": "7b5223c86b4661aefa019e3db1cecf2e859a1376c2c243d2fe6c0a797daa962c",
    "https://deno.land/x/evt@v2.4.0/lib/Evt.merge.ts": "0bab6663ea756e929a9f5b7bf1c5c957da00d5b2355f8355b1276c3016654edf",
    "https://deno.land/x/evt@v2.4.0/lib/Evt.newCtx.ts": "bd44ec7e092915b7b32a1e5d8491c0894749624a2b17e1d41c0af39de73abb90",
    "https://deno.land/x/evt@v2.4.0/lib/Evt.parsePropsFromArgs.ts": "36a88da8f0b8fb7d122f998ec8625d12c7ec977e571d4365ca0af27183336c1d",
    "https://deno.land/x/evt@v2.4.0/lib/Evt.ts": "ae42962d266c77ea9904f994d9900df8afe2928f15d3bc5b667136bd1c02baec",
    "https://deno.land/x/evt@v2.4.0/lib/LazyEvt.ts": "44cf008d11c246d103e65b101cf7eb7f2fb7a65301098636e7662e515a9c5bca",
    "https://deno.land/x/evt@v2.4.0/lib/LazyStatefulEvt.ts": "d94ede579f044ec15004cb75e942795d4e5e15d4f74b332bc63b5ab5cff9270c",
    "https://deno.land/x/evt@v2.4.0/lib/StatefulEvt.ts": "93fe48f3eeff5072a744202f4368afc4ca2168878becfa2f734669ae34130994",
    "https://deno.land/x/evt@v2.4.0/lib/importProxy.ts": "7b252cd136ab26da2661ea6525ec15612b5894c6f141456246ee6da3b42f4361",
    "https://deno.land/x/evt@v2.4.0/lib/index.ts": "a471b0902a5be7f5c17dfcb06b7affe025c1793dff1c53d509664d83dab5d8ec",
    "https://deno.land/x/evt@v2.4.0/lib/types/AsyncIterableEvt.ts": "5fd9a5465340547d8e4e40322675a85fbf0c1661d3ea85cc0bd57e2344c0d988",
    "https://deno.land/x/evt@v2.4.0/lib/types/EventTargetLike.ts": "bc167d522f925481a878c4ce3e9526a785b2f866dffd59134781205204e2df9e",
    "https://deno.land/x/evt@v2.4.0/lib/types/EvtError.ts": "719ccce37e3b6cf2f79b6d0017e4ecb325ee4ba614d1cc2f6807d48ac7046784",
    "https://deno.land/x/evt@v2.4.0/lib/types/Handler.ts": "1a83da88f68e5239db7cf90489d9e061912a88c2b80f7dfe98526f27a8dc4727",
    "https://deno.land/x/evt@v2.4.0/lib/types/Observer.ts": "f0f2c4498bd49558d4f5df981ee4ae2aada687de5cd150e39b06798bf3d23ac0",
    "https://deno.land/x/evt@v2.4.0/lib/types/Operator.ts": "48de9fb581d798378bbfee58f3f43d461c79e4c4c015f72bb885627f1cf7fe65",
    "https://deno.land/x/evt@v2.4.0/lib/types/helper/EvtLikeToEvt.ts": "8374ddc8aaefca4e4fbdcb5e76a60552add5940ab7f2fc3eb58061a6b160c190",
    "https://deno.land/x/evt@v2.4.0/lib/types/helper/FactorizeEvt.ts": "cc2a2210a71e5a2d5fc66be1dccdaead2265bb46d5d82544b743e1c6f54c4018",
    "https://deno.land/x/evt@v2.4.0/lib/types/helper/SwapEvtType.ts": "c944d32056391c7dfdb8cbdc4f7406ffab3f0430282abc4961534aca36eb040d",
    "https://deno.land/x/evt@v2.4.0/lib/types/helper/ToNonPostableEvt.ts": "886aa16d9e22e44a9c59ae474e09e17523708f8800337cf8f6777e8697ad760e",
    "https://deno.land/x/evt@v2.4.0/lib/types/helper/ToPostableEvt.ts": "9bfb4c08fa7cc024026db3a7c1baf85c3a73292ecca615c488d6e420ba8b1237",
    "https://deno.land/x/evt@v2.4.0/lib/types/helper/UnpackCtx.ts": "efbd11b73b67c13bb337eba15660c4ac3674fb929083782b9716839bb030793a",
    "https://deno.land/x/evt@v2.4.0/lib/types/helper/UnpackEvt.ts": "94e2247280afb165f342e55671ab04409e107aab5d5707b0def711f1e980fecf",
    "https://deno.land/x/evt@v2.4.0/lib/types/helper/index.ts": "76077c41f85641c0a92c6107a2d62e55591401a44df985f3aa9000b80ed5f5f9",
    "https://deno.land/x/evt@v2.4.0/lib/types/index.ts": "08cdb0a44ba5484b12d041d67271f0350dd9a6c3bd843843b2bc62399f48f28d",
    "https://deno.land/x/evt@v2.4.0/lib/types/interfaces/Ctx.ts": "74ebb5d3bb0bc1b934c427e3c57ab124bc0c46f89d683f9925125dff82f5e1b7",
    "https://deno.land/x/evt@v2.4.0/lib/types/interfaces/CtxLike.ts": "69054db5edc8db597b5ca4b8053738ef72f634a946c3e144c4410e86c0bc3b3c",
    "https://deno.land/x/evt@v2.4.0/lib/types/interfaces/Evt.ts": "884f7924179974a4e5e1f1978c043fdb2104bf651c07f3be5a049f864406d50c",
    "https://deno.land/x/evt@v2.4.0/lib/types/interfaces/EvtLike.ts": "cf294021dc16aee68637284d76fc33d3ce6428504c9489f91cba840b03e7f2e5",
    "https://deno.land/x/evt@v2.4.0/lib/types/interfaces/NonPostableEvt.ts": "4326c2e2883460ac111c90fa5b5803e0f1e1ae7e17ab99508d26b6db18a94bab",
    "https://deno.land/x/evt@v2.4.0/lib/types/interfaces/NonPostableEvtLike.ts": "ff32ade244c2e560a3b134ba0511f171ac0ae696ef7cedafa7c858563b559dd6",
    "https://deno.land/x/evt@v2.4.0/lib/types/interfaces/Postable.ts": "e66e7b8ed2124a49f0f25be9f8ea06e0777cc8425a425a75c8e1993dc30c147f",
    "https://deno.land/x/evt@v2.4.0/lib/types/interfaces/StatefulEvt.ts": "384499cf2d141f865f26e52d21c01268218dd2ffd97f99d21c565545abab56df",
    "https://deno.land/x/evt@v2.4.0/lib/types/interfaces/StatefulEvtLike.ts": "9f985cbf4ab3629fbee5f6abbf81b8366c9949b34d73147af2b61467995f704f",
    "https://deno.land/x/evt@v2.4.0/lib/types/interfaces/StatefulPostable.ts": "3e9d0ba438cd247c27fee88c4dcaad0deff42b753c9d0aeb78cb704a9f2e9fa7",
    "https://deno.land/x/evt@v2.4.0/lib/types/interfaces/StatefulReadonlyEvt.ts": "fb09392dcafbc9027310db3b8f0314d1d8cc906549caf50dcd8657bea06aba96",
    "https://deno.land/x/evt@v2.4.0/lib/types/interfaces/StatefulReadonlyEvtLike.ts": "2a80d93f2c866720a2b65641d6905b6700097ac67998c5a680167f91f425aeee",
    "https://deno.land/x/evt@v2.4.0/lib/types/interfaces/index.ts": "d980826b51d368d4ef639e377944c8d9836c14836d52ce3ff0d4c0b712fb4c93",
    "https://deno.land/x/evt@v2.4.0/lib/types/lib.dom.ts": "2b65508fc6e3f7cae953d94652c240ef6eb3569f7f82ff879a853ea91fa56c99",
    "https://deno.land/x/evt@v2.4.0/lib/util/compose.ts": "ea55ff9ec40a000740032c96c1e54584678eef86090093d6c424f595f74fa50b",
    "https://deno.land/x/evt@v2.4.0/lib/util/convertOperatorToStatelessFLambda.ts": "6613d1a68fe1cdda78cf2f2f33fbc5acfa6ac17b936fd9f9249ca4db3e429368",
    "https://deno.land/x/evt@v2.4.0/lib/util/genericOperators/distinct.ts": "07b5f8c9275a58dd9339618c11c2e91223a5d33ecbf7f54763eef5cfcde97121",
    "https://deno.land/x/evt@v2.4.0/lib/util/genericOperators/index.ts": "9cab9a215bd3007b137fadad37fab62860e23e533d10312c9a17904a5fa055af",
    "https://deno.land/x/evt@v2.4.0/lib/util/genericOperators/nonNullable.ts": "c1d3dea4494c5b4bae37b83d1feea328b9c55dddbe21dbf08f0c66702a617e91",
    "https://deno.land/x/evt@v2.4.0/lib/util/genericOperators/throttleTime.ts": "742c8bde694db3032335c21d9152a86c4fcbaad7e0052e2c6752c599ebad8bfd",
    "https://deno.land/x/evt@v2.4.0/lib/util/genericOperators/to.ts": "465a525187031f70e655101952776f4926d8e35d1ad6503ee1bc49a4a6c8e647",
    "https://deno.land/x/evt@v2.4.0/lib/util/index.ts": "c4d914d5b1caf9847ea858bf3fa9ee1320cc382765b922fd03ab4c3d2b6dca26",
    "https://deno.land/x/evt@v2.4.0/mod.ts": "ad2c53a9eb0535824d04d121b66ae8e97650885cdb8833ccf5670f1c8f742f03",
    "https://deno.land/x/evt@v2.4.0/tools/Deferred.ts": "e16477acb5bf9ae270e1280132700b56c62d151c19051f2d4b05e3274abec0c1",
    "https://deno.land/x/evt@v2.4.0/tools/safeSetTimeout.ts": "6e8fae967d49fbe2786acd10c5ab5cc0acc3305febd89445ce9f70e674038a40",
    "https://deno.land/x/grammy@v1.36.3/bot.ts": "b0e3159726c9873787ab7a06c2bcf5b8bb90da3493486b31a50cf260534bfa9e",
    "https://deno.land/x/grammy@v1.36.3/composer.ts": "4fcfc5c5b68107c0e0f24a9b00a5f3cf8d4ed0adee964be17005d96782e09562",
    "https://deno.land/x/grammy@v1.36.3/context.ts": "7e096053edbdf289b62b718d657c4d54b063d0eb8e7b25ecc9c84a96de502068",
    "https://deno.land/x/grammy@v1.36.3/convenience/constants.ts": "1560129784be52f49aa0bea8716f09ed00dac367fef195be6a2c09bdfc43fb99",
    "https://deno.land/x/grammy@v1.36.3/convenience/frameworks.ts": "e78afd522b62202053c09dc119ff282d356d85845a05af6d678a4ffa7ca3037d",
    "https://deno.land/x/grammy@v1.36.3/convenience/inline_query.ts": "409d1940c7670708064efa495003bcbfdf6763a756b2e6303c464489fd3394ff",
    "https://deno.land/x/grammy@v1.36.3/convenience/input_media.ts": "7af72a5fdb1af0417e31b1327003f536ddfdf64e06ab8bc7f5da6b574de38658",
    "https://deno.land/x/grammy@v1.36.3/convenience/keyboard.ts": "dc5d3f53d0f6a15600ced9b40c85debe55a5d381436826b4cdede18c84bd6bae",
    "https://deno.land/x/grammy@v1.36.3/convenience/session.ts": "5e4b976528a0b3d7893645ac23e2e35e78671af578a3aed5efb4b621e7e9b6da",
    "https://deno.land/x/grammy@v1.36.3/convenience/webhook.ts": "722f6da8de7578ecfcd263ca07ec3b81f09e7f243fdf2a887ac0e6cab509e116",
    "https://deno.land/x/grammy@v1.36.3/core/api.ts": "7c4e031a31dc40fd66fccd0bd6d89673f6ccab51caf5b0f57e9eafc72bdb129a",
    "https://deno.land/x/grammy@v1.36.3/core/client.ts": "44a9f9fd6dc7eb8ab3c57dab3f550ef5ec53142c5df16ab5501da8e3ea62dcff",
    "https://deno.land/x/grammy@v1.36.3/core/error.ts": "5245f18f273da6be364f525090c24d2e9a282c180904f674f66946f2b2556247",
    "https://deno.land/x/grammy@v1.36.3/core/payload.ts": "420e17c3c2830b5576ea187cfce77578fe09f1204b25c25ea2f220ca7c86e73b",
    "https://deno.land/x/grammy@v1.36.3/filter.ts": "a7e73097a2e569091a1eff0ea72fab71791bf21a2476290f114bd28668263f3e",
    "https://deno.land/x/grammy@v1.36.3/mod.ts": "a973e356760eed1b58bc89280e6eb41bbdf74035f6348c08d6cebf50da1dac34",
    "https://deno.land/x/grammy@v1.36.3/platform.deno.ts": "68272a7e1d9a2d74d8a45342526485dbc0531dee812f675d7f8a4e7fc8393028",
    "https://deno.land/x/grammy@v1.36.3/types.deno.ts": "bbb8cea790ea93e5338c3575d277200f8506ac28d5d06d541c4b1cd8306f9e29",
    "https://deno.land/x/grammy@v1.36.3/types.ts": "729415590dfa188dbe924dea614dff4e976babdbabb28a307b869fc25777cdf0",
    "https://deno.land/x/grammy_conversations@v1.2.0/conversation.ts": "4bcad06e2ac562969a7a6661bb1cf1477a3fe9e537c18419de65c456feb69499",
    "https://deno.land/x/grammy_conversations@v1.2.0/deps.deno.ts": "c982798d7ca4cd3ebcd5a24319d03c5980dc47827b5a172a77022859abdb404e",
    "https://deno.land/x/grammy_conversations@v1.2.0/form.ts": "d2d527fdcb26eb489b4aa1a183ae3aa14bf185a375ebf7d5c6ab8360e8b0e170",
    "https://deno.land/x/grammy_conversations@v1.2.0/mod.ts": "4234b7a353ebb6770352c8b1fcafb0de40abd764cc44ae018f10b29c3a065b50",
    "https://deno.land/x/grammy_conversations@v1.2.0/utils.ts": "139ebe78dbf078d3bbf8cbc78ad286125a08e7e7895d4985fff7be9cef328e20",
    "https://deno.land/x/grammy_menu@v1.2.2/deps.deno.ts": "a94bbf0a453a4b8f0e2fd95b6da254433ecd3a828cabca3bd871558319bd2c7d",
    "https://deno.land/x/grammy_menu@v1.2.2/menu.ts": "3ad02d38c25463f8eb62c6069943d70004a4479d47275d06f3f8721572cf059f",
    "https://deno.land/x/grammy_menu@v1.2.2/mod.ts": "ec3d890cabdb7ee1ea72f5fcd1b0b05a84c208975c34251e8a0e9a595e40713b",
    "https://deno.land/x/grammy_router@v2.0.0/deps.deno.ts": "e4feddd161c8f3fa0ee28bda59d73f040c56f8fe1f7bf1d9fc458294fbfa5d48",
    "https://deno.land/x/grammy_router@v2.0.0/mod.ts": "6f01b98c45855a062c90e2bc5310058a60dbfb51bded43598ca017e6cc377189",
    "https://deno.land/x/grammy_router@v2.0.0/router.ts": "e298fe22f051e2905b60c6199eec278010ed927b0896232bfcdcdf09e619fa62",
    "https://deno.land/x/grammy_storages@v2.5.1/denokv/src/adapter.ts": "4db9e2289ded90ee86002baf0341043086431d55111d1f1e2c464323b9be7738",
    "https://deno.land/x/grammy_storages@v2.5.1/denokv/src/deps.ts": "13bb68745f9737e6f06164a2bb674e4655fb3554e2461cf75a1787c947422346",
    "https://deno.land/x/grammy_storages@v2.5.1/denokv/src/mod.ts": "e1dac7718b7f09e478bcd73b1efab26956f8328b9b39e9d922088bd7e2cc44d7",
    "https://deno.land/x/grammy_types@v3.20.0/api.ts": "ae04d6628e3d25ae805bc07a19475065044fc44cde0a40877405bc3544d03a5f",
    "https://deno.land/x/grammy_types@v3.20.0/inline.ts": "9afd0340eafd22acb163f2f680d58b85719f0edc92dffa4d259fc5232e543d23",
    "https://deno.land/x/grammy_types@v3.20.0/langs.ts": "5f5fd09c58ba3ae942dd7cea2696f95587d2032c1829bba4bca81762b7ef73b6",
    "https://deno.land/x/grammy_types@v3.20.0/manage.ts": "c02480bbba003bc66dbc30bd0d1edf837b09ad9ee459ef82afd8d3492caac0da",
    "https://deno.land/x/grammy_types@v3.20.0/markup.ts": "b989e0712f9731c59e6cb308371b1722d823dd55de3d6bcaf3e4ed645a42e1f9",
    "https://deno.land/x/grammy_types@v3.20.0/message.ts": "243968db23afa31e0a390d46b58489ca182fac10e81aa05c859f6a4b3a66fe13",
    "https://deno.land/x/grammy_types@v3.20.0/methods.ts": "2d9e398a9ef09dff6633caaa23b5a89375340f083e046f7f3be7ce6179cca38b",
    "https://deno.land/x/grammy_types@v3.20.0/mod.ts": "2a22dc7cd29c2739647c22cec00d5d4e2f49ba1c61bcaf70b4206a14bce29799",
    "https://deno.land/x/grammy_types@v3.20.0/passport.ts": "19820e7d6c279521f8bc8912d6a378239f73d4ab525453808994b5f44ef95215",
    "https://deno.land/x/grammy_types@v3.20.0/payment.ts": "8f016ffe46221c80d9d1a1b30848d8ccc10548f0ec281c9d3312b598cb0c2a4d",
    "https://deno.land/x/grammy_types@v3.20.0/settings.ts": "f8ff810da6f1007ed24cd504809bf46820229c395ff9bfc3e5c8ceaef5b2aae1",
    "https://deno.land/x/grammy_types@v3.20.0/story.ts": "f558c6e6054a43fa1403c2376f7c0b51e2138f4e0d13f0f6e870ffd1cd085ae2",
    "https://deno.land/x/grammy_types@v3.20.0/update.ts": "71cc0d5ec860149b71415ba03282b1d7edd0466b36e2789521a3b3a3d7796493",
    "https://deno.land/x/oson@1.0.1/constructors.ts": "2b77dcdc8d8db5ece2860d1657f4dcef37dd761684f1d4b9535c7e56a0fbfcf6",
    "https://deno.land/x/oson@1.0.1/mod.ts": "54e494dc517ce0de6c727c25d9731ccc748e8646c883e922dc5d656f523a4e5b",
    "https://deno.land/x/oson@1.0.1/oson.ts": "ec3908ae5c9ceff7bfd869d95a2183b929b9d96fbff44b57d28d3b742d06a4a1",
    "https://deno.land/x/sentry@8.55.0/index.mjs": "573a1f82e1528ad6d211cb4945c2df63168d038b500f80922efce0e8cff801cb",
    "https://raw.githubusercontent.com/garronej/minimal_polyfills/v2.2.1/deno_dist/Map.ts": "23e7bae86df110ad8a68097750530f288c5117fe4c4b30e645b449d20fe156a5",
    "https://raw.githubusercontent.com/garronej/minimal_polyfills/v2.2.1/deno_dist/WeakMap.ts": "3b0cb6ab1348897b5e107e932f53213e1459e9759db0c5eea5d01eb9bd3e0ddb",
    "https://raw.githubusercontent.com/garronej/minimal_polyfills/v2.2.2/deno_dist/Array.prototype.find.ts": "54a1866655066ecb8604efb60c85fe0d77d19783eefe3f9da9aa7b378d1a48b3",
    "https://raw.githubusercontent.com/garronej/minimal_polyfills/v2.2.2/deno_dist/Map.ts": "6cee47a1634c386e126e33bb271f4f44cb7de8c547340cd65f56fdf99c9ce2d9",
    "https://raw.githubusercontent.com/garronej/minimal_polyfills/v2.2.2/deno_dist/Object.is.ts": "2ee475125e2a79cbcd09a6743dda5809e23a8f75aee5472c02959aaf4a447254",
    "https://raw.githubusercontent.com/garronej/minimal_polyfills/v2.2.2/deno_dist/Set.ts": "87a9c303496b4033004c98883652dcda735dae05f9d14a7c0ed52596b9828ff7",
    "https://raw.githubusercontent.com/garronej/minimal_polyfills/v2.2.2/deno_dist/WeakMap.ts": "3b0cb6ab1348897b5e107e932f53213e1459e9759db0c5eea5d01eb9bd3e0ddb",
    "https://raw.githubusercontent.com/garronej/run_exclusive/v2.2.16/deno_dist/lib/runExclusive.ts": "645337346cf8e0d31e3b2fd55ed13465d2898c74632be7e5e5dc7e9480b2db46",
    "https://raw.githubusercontent.com/garronej/run_exclusive/v2.2.16/deno_dist/mod.ts": "7d124c8d09f74c46a56b7397c2ca3731a1cc9c5dc45469b8522badf17eb523e1",
    "https://raw.githubusercontent.com/garronej/tsafe/v1.0.1/deno_dist/assert.ts": "01e290bea472f363d380bdb172b115ee7a31c103d72548e150d2a35b04276fe2",
    "https://raw.githubusercontent.com/garronej/tsafe/v1.0.1/deno_dist/id.ts": "cb2b74bfed19553b90e37af353c58c53ee113af1406c580ab0b7a4b44aa9b022",
    "https://raw.githubusercontent.com/garronej/tsafe/v1.0.1/deno_dist/is.ts": "3f929f3bfaef98835ea02dc66a8d6a77e2784dc9d3d85e76902b6f19ea531ba6",
    "https://raw.githubusercontent.com/garronej/tsafe/v1.0.1/deno_dist/isPromiseLike.ts": "e190c6b9806e815d3a096c9af16028a848edd13b70b6e3d9e44ce2507089f17a",
    "https://raw.githubusercontent.com/garronej/tsafe/v1.0.1/deno_dist/lab/PromiseOrNot.ts": "ab46309b639fb01d162488e25afc36bf4a8da3ab37f09a6dc70c733a5b9829ba",
    "https://raw.githubusercontent.com/garronej/tsafe/v1.0.1/deno_dist/lab/overwriteReadonlyProp.ts": "8d232c0ea94583198bffd903644c203b3acc01768417923a9d9750a194071cc2",
    "https://raw.githubusercontent.com/garronej/tsafe/v1.0.1/deno_dist/typeGuard.ts": "8012ea9591da5ff83fa43d1a42c9911736b0f841726bc88a07deb53ae717f41b",
    "https://raw.githubusercontent.com/garronej/tsafe/v1.0.1/deno_dist/zz_internal/assertIsRefWrapper.ts": "1c16beff4730820044f9d18dfd7c703ec626e0b751b75d884a344a12287c85f3"
  },
  "workspace": {
    "dependencies": [
      "npm:@grammyjs/router@2",
      "npm:dayjs@*"
    ]
  }
}
